
Microsoft Visual Studio Solution File, Format Version 12.00
# Visual Studio Version 17
VisualStudioVersion = 17.3.32929.385
MinimumVisualStudioVersion = 10.0.40219.1
Project("{FAE04EC0-301F-11D3-BF4B-00C04F79EFBC}") = "just pl", "just pl.csproj", "{F8713A65-813E-43FD-BDFE-8FDE3E2633B5}"
EndProject
Global
	GlobalSection(SolutionConfigurationPlatforms) = preSolution
		Debug|Any CPU = Debug|Any CPU
		Release|Any CPU = Release|Any CPU
	EndGlobalSection
	GlobalSection(ProjectConfigurationPlatforms) = postSolution
		{F8713A65-813E-43FD-BDFE-8FDE3E2633B5}.Debug|Any CPU.ActiveCfg = Debug|Any CPU
		{F8713A65-813E-43FD-BDFE-8FDE3E2633B5}.Debug|Any CPU.Build.0 = Debug|Any CPU
		{F8713A65-813E-43FD-BDFE-8FDE3E2633B5}.Release|Any CPU.ActiveCfg = Release|Any CPU
		{F8713A65-813E-43FD-BDFE-8FDE3E2633B5}.Release|Any CPU.Build.0 = Release|Any CPU
	EndGlobalSection
	GlobalSection(SolutionProperties) = preSolution
		HideSolutionNode = FALSE
	EndGlobalSection
	GlobalSection(ExtensibilityGlobals) = postSolution
		SolutionGuid = {2CFF42CB-76A0-479B-B252-EC6F409B6528}
	EndGlobalSection
EndGlobal
